# THIS IS AN AUTOGENERATED FILE. DO NOT EDIT THIS FILE DIRECTLY.
# yarn lockfile v1


"@ant-design/colors@^6.0.0":
  version "6.0.0"
  resolved "https://registry.yarnpkg.com/@ant-design/colors/-/colors-6.0.0.tgz#9b9366257cffcc47db42b9d0203bb592c13c0298"
  integrity sha512-qAZRvPzfdWHtfameEGP2Qvuf838NhergR35o+EuVyB5XvSA98xod5r4utvi4TJ3ywmevm290g9nsCG5MryrdWQ==
  dependencies:
    "@ctrl/tinycolor" "^3.4.0"

"@ant-design/icons-svg@^4.2.1":
  version "4.4.2"
  resolved "https://registry.yarnpkg.com/@ant-design/icons-svg/-/icons-svg-4.4.2.tgz#ed2be7fb4d82ac7e1d45a54a5b06d6cecf8be6f6"
  integrity sha512-vHbT+zJEVzllwP+CM+ul7reTEfBR0vgxFe7+lREAsAA7YGsYpboiq2sQNeQeRvh09GfQgs/GyFEvZpJ9cLXpXA==

"@ant-design/icons-vue@^7.0.0":
  version "7.0.1"
  resolved "https://registry.yarnpkg.com/@ant-design/icons-vue/-/icons-vue-7.0.1.tgz#83de301771fadd03f3890e627314102405c31c22"
  integrity sha512-eCqY2unfZK6Fe02AwFlDHLfoyEFreP6rBwAZMIJ1LugmfMiVgwWDYlp1YsRugaPtICYOabV1iWxXdP12u9U43Q==
  dependencies:
    "@ant-design/colors" "^6.0.0"
    "@ant-design/icons-svg" "^4.2.1"

"@babel/parser@^7.24.7":
  version "7.24.7"
  resolved "https://registry.yarnpkg.com/@babel/parser/-/parser-7.24.7.tgz#9a5226f92f0c5c8ead550b750f5608e766c8ce85"
  integrity sha512-9uUYRm6OqQrCqQdG1iCBwBPZgN8ciDBro2nIOFaiRz1/BCxaI7CNvQbDHvsArAC7Tw9Hda/B3U+6ui9u4HWXPw==

"@babel/runtime@^7.10.5":
  version "7.27.0"
  resolved "https://registry.yarnpkg.com/@babel/runtime/-/runtime-7.27.0.tgz#fbee7cf97c709518ecc1f590984481d5460d4762"
  integrity sha512-VtPOkrdPHZsKc/clNqyi9WUA8TINkZ4cGk63UUE3u4pmB2k+ZMQRDuIOagv8UVd6j7k0T3+RRIb7beKTebNbcw==
  dependencies:
    regenerator-runtime "^0.14.0"

"@ctrl/tinycolor@^3.4.0", "@ctrl/tinycolor@^3.5.0":
  version "3.6.1"
  resolved "https://registry.yarnpkg.com/@ctrl/tinycolor/-/tinycolor-3.6.1.tgz#b6c75a56a1947cc916ea058772d666a2c8932f31"
  integrity sha512-SITSV6aIXsuVNV3f3O0f2n/cgyEDWoSqtZMYiAmcsYHydcKrOz3gUxB/iXd/Qf08+IZX4KpgNbvUdMBmWz+kcA==

"@emotion/hash@^0.9.0":
  version "0.9.1"
  resolved "https://registry.yarnpkg.com/@emotion/hash/-/hash-0.9.1.tgz#4ffb0055f7ef676ebc3a5a91fb621393294e2f43"
  integrity sha512-gJB6HLm5rYwSLI6PQa+X1t5CFGrv1J1TWG+sOyMCeKz2ojaj6Fnl/rZEspogG+cvqbt4AE/2eIyD2QfLKTBNlQ==

"@emotion/unitless@^0.8.0":
  version "0.8.1"
  resolved "https://registry.yarnpkg.com/@emotion/unitless/-/unitless-0.8.1.tgz#182b5a4704ef8ad91bde93f7a860a88fd92c79a3"
  integrity sha512-KOEGMu6dmJZtpadb476IsZBclKvILjopjUii3V+7MnXIQCYh8W3NgNcgwo21n9LXZX6EDIKvqfjYxXebDwxKmQ==

"@esbuild/aix-ppc64@0.21.5":
  version "0.21.5"
  resolved "https://registry.yarnpkg.com/@esbuild/aix-ppc64/-/aix-ppc64-0.21.5.tgz#c7184a326533fcdf1b8ee0733e21c713b975575f"
  integrity sha512-1SDgH6ZSPTlggy1yI6+Dbkiz8xzpHJEVAlF/AM1tHPLsf5STom9rwtjE4hKAF20FfXXNTFqEYXyJNWh1GiZedQ==

"@esbuild/android-arm64@0.21.5":
  version "0.21.5"
  resolved "https://registry.yarnpkg.com/@esbuild/android-arm64/-/android-arm64-0.21.5.tgz#09d9b4357780da9ea3a7dfb833a1f1ff439b4052"
  integrity sha512-c0uX9VAUBQ7dTDCjq+wdyGLowMdtR/GoC2U5IYk/7D1H1JYC0qseD7+11iMP2mRLN9RcCMRcjC4YMclCzGwS/A==

"@esbuild/android-arm@0.21.5":
  version "0.21.5"
  resolved "https://registry.yarnpkg.com/@esbuild/android-arm/-/android-arm-0.21.5.tgz#9b04384fb771926dfa6d7ad04324ecb2ab9b2e28"
  integrity sha512-vCPvzSjpPHEi1siZdlvAlsPxXl7WbOVUBBAowWug4rJHb68Ox8KualB+1ocNvT5fjv6wpkX6o/iEpbDrf68zcg==

"@esbuild/android-x64@0.21.5":
  version "0.21.5"
  resolved "https://registry.yarnpkg.com/@esbuild/android-x64/-/android-x64-0.21.5.tgz#29918ec2db754cedcb6c1b04de8cd6547af6461e"
  integrity sha512-D7aPRUUNHRBwHxzxRvp856rjUHRFW1SdQATKXH2hqA0kAZb1hKmi02OpYRacl0TxIGz/ZmXWlbZgjwWYaCakTA==

"@esbuild/darwin-arm64@0.21.5":
  version "0.21.5"
  resolved "https://registry.yarnpkg.com/@esbuild/darwin-arm64/-/darwin-arm64-0.21.5.tgz#e495b539660e51690f3928af50a76fb0a6ccff2a"
  integrity sha512-DwqXqZyuk5AiWWf3UfLiRDJ5EDd49zg6O9wclZ7kUMv2WRFr4HKjXp/5t8JZ11QbQfUS6/cRCKGwYhtNAY88kQ==

"@esbuild/darwin-x64@0.21.5":
  version "0.21.5"
  resolved "https://registry.yarnpkg.com/@esbuild/darwin-x64/-/darwin-x64-0.21.5.tgz#c13838fa57372839abdddc91d71542ceea2e1e22"
  integrity sha512-se/JjF8NlmKVG4kNIuyWMV/22ZaerB+qaSi5MdrXtd6R08kvs2qCN4C09miupktDitvh8jRFflwGFBQcxZRjbw==

"@esbuild/freebsd-arm64@0.21.5":
  version "0.21.5"
  resolved "https://registry.yarnpkg.com/@esbuild/freebsd-arm64/-/freebsd-arm64-0.21.5.tgz#646b989aa20bf89fd071dd5dbfad69a3542e550e"
  integrity sha512-5JcRxxRDUJLX8JXp/wcBCy3pENnCgBR9bN6JsY4OmhfUtIHe3ZW0mawA7+RDAcMLrMIZaf03NlQiX9DGyB8h4g==

"@esbuild/freebsd-x64@0.21.5":
  version "0.21.5"
  resolved "https://registry.yarnpkg.com/@esbuild/freebsd-x64/-/freebsd-x64-0.21.5.tgz#aa615cfc80af954d3458906e38ca22c18cf5c261"
  integrity sha512-J95kNBj1zkbMXtHVH29bBriQygMXqoVQOQYA+ISs0/2l3T9/kj42ow2mpqerRBxDJnmkUDCaQT/dfNXWX/ZZCQ==

"@esbuild/linux-arm64@0.21.5":
  version "0.21.5"
  resolved "https://registry.yarnpkg.com/@esbuild/linux-arm64/-/linux-arm64-0.21.5.tgz#70ac6fa14f5cb7e1f7f887bcffb680ad09922b5b"
  integrity sha512-ibKvmyYzKsBeX8d8I7MH/TMfWDXBF3db4qM6sy+7re0YXya+K1cem3on9XgdT2EQGMu4hQyZhan7TeQ8XkGp4Q==

"@esbuild/linux-arm@0.21.5":
  version "0.21.5"
  resolved "https://registry.yarnpkg.com/@esbuild/linux-arm/-/linux-arm-0.21.5.tgz#fc6fd11a8aca56c1f6f3894f2bea0479f8f626b9"
  integrity sha512-bPb5AHZtbeNGjCKVZ9UGqGwo8EUu4cLq68E95A53KlxAPRmUyYv2D6F0uUI65XisGOL1hBP5mTronbgo+0bFcA==

"@esbuild/linux-ia32@0.21.5":
  version "0.21.5"
  resolved "https://registry.yarnpkg.com/@esbuild/linux-ia32/-/linux-ia32-0.21.5.tgz#3271f53b3f93e3d093d518d1649d6d68d346ede2"
  integrity sha512-YvjXDqLRqPDl2dvRODYmmhz4rPeVKYvppfGYKSNGdyZkA01046pLWyRKKI3ax8fbJoK5QbxblURkwK/MWY18Tg==

"@esbuild/linux-loong64@0.21.5":
  version "0.21.5"
  resolved "https://registry.yarnpkg.com/@esbuild/linux-loong64/-/linux-loong64-0.21.5.tgz#ed62e04238c57026aea831c5a130b73c0f9f26df"
  integrity sha512-uHf1BmMG8qEvzdrzAqg2SIG/02+4/DHB6a9Kbya0XDvwDEKCoC8ZRWI5JJvNdUjtciBGFQ5PuBlpEOXQj+JQSg==

"@esbuild/linux-mips64el@0.21.5":
  version "0.21.5"
  resolved "https://registry.yarnpkg.com/@esbuild/linux-mips64el/-/linux-mips64el-0.21.5.tgz#e79b8eb48bf3b106fadec1ac8240fb97b4e64cbe"
  integrity sha512-IajOmO+KJK23bj52dFSNCMsz1QP1DqM6cwLUv3W1QwyxkyIWecfafnI555fvSGqEKwjMXVLokcV5ygHW5b3Jbg==

"@esbuild/linux-ppc64@0.21.5":
  version "0.21.5"
  resolved "https://registry.yarnpkg.com/@esbuild/linux-ppc64/-/linux-ppc64-0.21.5.tgz#5f2203860a143b9919d383ef7573521fb154c3e4"
  integrity sha512-1hHV/Z4OEfMwpLO8rp7CvlhBDnjsC3CttJXIhBi+5Aj5r+MBvy4egg7wCbe//hSsT+RvDAG7s81tAvpL2XAE4w==

"@esbuild/linux-riscv64@0.21.5":
  version "0.21.5"
  resolved "https://registry.yarnpkg.com/@esbuild/linux-riscv64/-/linux-riscv64-0.21.5.tgz#07bcafd99322d5af62f618cb9e6a9b7f4bb825dc"
  integrity sha512-2HdXDMd9GMgTGrPWnJzP2ALSokE/0O5HhTUvWIbD3YdjME8JwvSCnNGBnTThKGEB91OZhzrJ4qIIxk/SBmyDDA==

"@esbuild/linux-s390x@0.21.5":
  version "0.21.5"
  resolved "https://registry.yarnpkg.com/@esbuild/linux-s390x/-/linux-s390x-0.21.5.tgz#b7ccf686751d6a3e44b8627ababc8be3ef62d8de"
  integrity sha512-zus5sxzqBJD3eXxwvjN1yQkRepANgxE9lgOW2qLnmr8ikMTphkjgXu1HR01K4FJg8h1kEEDAqDcZQtbrRnB41A==

"@esbuild/linux-x64@0.21.5":
  version "0.21.5"
  resolved "https://registry.yarnpkg.com/@esbuild/linux-x64/-/linux-x64-0.21.5.tgz#6d8f0c768e070e64309af8004bb94e68ab2bb3b0"
  integrity sha512-1rYdTpyv03iycF1+BhzrzQJCdOuAOtaqHTWJZCWvijKD2N5Xu0TtVC8/+1faWqcP9iBCWOmjmhoH94dH82BxPQ==

"@esbuild/netbsd-x64@0.21.5":
  version "0.21.5"
  resolved "https://registry.yarnpkg.com/@esbuild/netbsd-x64/-/netbsd-x64-0.21.5.tgz#bbe430f60d378ecb88decb219c602667387a6047"
  integrity sha512-Woi2MXzXjMULccIwMnLciyZH4nCIMpWQAs049KEeMvOcNADVxo0UBIQPfSmxB3CWKedngg7sWZdLvLczpe0tLg==

"@esbuild/openbsd-x64@0.21.5":
  version "0.21.5"
  resolved "https://registry.yarnpkg.com/@esbuild/openbsd-x64/-/openbsd-x64-0.21.5.tgz#99d1cf2937279560d2104821f5ccce220cb2af70"
  integrity sha512-HLNNw99xsvx12lFBUwoT8EVCsSvRNDVxNpjZ7bPn947b8gJPzeHWyNVhFsaerc0n3TsbOINvRP2byTZ5LKezow==

"@esbuild/sunos-x64@0.21.5":
  version "0.21.5"
  resolved "https://registry.yarnpkg.com/@esbuild/sunos-x64/-/sunos-x64-0.21.5.tgz#08741512c10d529566baba837b4fe052c8f3487b"
  integrity sha512-6+gjmFpfy0BHU5Tpptkuh8+uw3mnrvgs+dSPQXQOv3ekbordwnzTVEb4qnIvQcYXq6gzkyTnoZ9dZG+D4garKg==

"@esbuild/win32-arm64@0.21.5":
  version "0.21.5"
  resolved "https://registry.yarnpkg.com/@esbuild/win32-arm64/-/win32-arm64-0.21.5.tgz#675b7385398411240735016144ab2e99a60fc75d"
  integrity sha512-Z0gOTd75VvXqyq7nsl93zwahcTROgqvuAcYDUr+vOv8uHhNSKROyU961kgtCD1e95IqPKSQKH7tBTslnS3tA8A==

"@esbuild/win32-ia32@0.21.5":
  version "0.21.5"
  resolved "https://registry.yarnpkg.com/@esbuild/win32-ia32/-/win32-ia32-0.21.5.tgz#1bfc3ce98aa6ca9a0969e4d2af72144c59c1193b"
  integrity sha512-SWXFF1CL2RVNMaVs+BBClwtfZSvDgtL//G/smwAc5oVK/UPu2Gu9tIaRgFmYFFKrmg3SyAjSrElf0TiJ1v8fYA==

"@esbuild/win32-x64@0.21.5":
  version "0.21.5"
  resolved "https://registry.yarnpkg.com/@esbuild/win32-x64/-/win32-x64-0.21.5.tgz#acad351d582d157bb145535db2a6ff53dd514b5c"
  integrity sha512-tQd/1efJuzPC6rCFwEvLtci/xNFcTZknmXs98FYDfGE4wP9ClFV98nyKrzJKVPMhdDnjzLhdUyMX4PsQAPjwIw==

"@jridgewell/sourcemap-codec@^1.4.15":
  version "1.4.15"
  resolved "https://registry.yarnpkg.com/@jridgewell/sourcemap-codec/-/sourcemap-codec-1.4.15.tgz#d7c6e6755c78567a951e04ab52ef0fd26de59f32"
  integrity sha512-eF2rxCRulEKXHTRiDrDy6erMYWqNw4LPdQ8UQA4huuxaQsVeRPFl2oM8oDGxMFhJUWZf9McpLtJasDDZb/Bpeg==

"@rollup/rollup-android-arm-eabi@4.40.0":
  version "4.40.0"
  resolved "https://registry.yarnpkg.com/@rollup/rollup-android-arm-eabi/-/rollup-android-arm-eabi-4.40.0.tgz#d964ee8ce4d18acf9358f96adc408689b6e27fe3"
  integrity sha512-+Fbls/diZ0RDerhE8kyC6hjADCXA1K4yVNlH0EYfd2XjyH0UGgzaQ8MlT0pCXAThfxv3QUAczHaL+qSv1E4/Cg==

"@rollup/rollup-android-arm64@4.40.0":
  version "4.40.0"
  resolved "https://registry.yarnpkg.com/@rollup/rollup-android-arm64/-/rollup-android-arm64-4.40.0.tgz#9b5e130ecc32a5fc1e96c09ff371743ee71a62d3"
  integrity sha512-PPA6aEEsTPRz+/4xxAmaoWDqh67N7wFbgFUJGMnanCFs0TV99M0M8QhhaSCks+n6EbQoFvLQgYOGXxlMGQe/6w==

"@rollup/rollup-darwin-arm64@4.40.0":
  version "4.40.0"
  resolved "https://registry.yarnpkg.com/@rollup/rollup-darwin-arm64/-/rollup-darwin-arm64-4.40.0.tgz#ef439182c739b20b3c4398cfc03e3c1249ac8903"
  integrity sha512-GwYOcOakYHdfnjjKwqpTGgn5a6cUX7+Ra2HeNj/GdXvO2VJOOXCiYYlRFU4CubFM67EhbmzLOmACKEfvp3J1kQ==

"@rollup/rollup-darwin-x64@4.40.0":
  version "4.40.0"
  resolved "https://registry.yarnpkg.com/@rollup/rollup-darwin-x64/-/rollup-darwin-x64-4.40.0.tgz#d7380c1531ab0420ca3be16f17018ef72dd3d504"
  integrity sha512-CoLEGJ+2eheqD9KBSxmma6ld01czS52Iw0e2qMZNpPDlf7Z9mj8xmMemxEucinev4LgHalDPczMyxzbq+Q+EtA==

"@rollup/rollup-freebsd-arm64@4.40.0":
  version "4.40.0"
  resolved "https://registry.yarnpkg.com/@rollup/rollup-freebsd-arm64/-/rollup-freebsd-arm64-4.40.0.tgz#cbcbd7248823c6b430ce543c59906dd3c6df0936"
  integrity sha512-r7yGiS4HN/kibvESzmrOB/PxKMhPTlz+FcGvoUIKYoTyGd5toHp48g1uZy1o1xQvybwwpqpe010JrcGG2s5nkg==

"@rollup/rollup-freebsd-x64@4.40.0":
  version "4.40.0"
  resolved "https://registry.yarnpkg.com/@rollup/rollup-freebsd-x64/-/rollup-freebsd-x64-4.40.0.tgz#96bf6ff875bab5219c3472c95fa6eb992586a93b"
  integrity sha512-mVDxzlf0oLzV3oZOr0SMJ0lSDd3xC4CmnWJ8Val8isp9jRGl5Dq//LLDSPFrasS7pSm6m5xAcKaw3sHXhBjoRw==

"@rollup/rollup-linux-arm-gnueabihf@4.40.0":
  version "4.40.0"
  resolved "https://registry.yarnpkg.com/@rollup/rollup-linux-arm-gnueabihf/-/rollup-linux-arm-gnueabihf-4.40.0.tgz#d80cd62ce6d40f8e611008d8dbf03b5e6bbf009c"
  integrity sha512-y/qUMOpJxBMy8xCXD++jeu8t7kzjlOCkoxxajL58G62PJGBZVl/Gwpm7JK9+YvlB701rcQTzjUZ1JgUoPTnoQA==

"@rollup/rollup-linux-arm-musleabihf@4.40.0":
  version "4.40.0"
  resolved "https://registry.yarnpkg.com/@rollup/rollup-linux-arm-musleabihf/-/rollup-linux-arm-musleabihf-4.40.0.tgz#75440cfc1e8d0f87a239b4c31dfeaf4719b656b7"
  integrity sha512-GoCsPibtVdJFPv/BOIvBKO/XmwZLwaNWdyD8TKlXuqp0veo2sHE+A/vpMQ5iSArRUz/uaoj4h5S6Pn0+PdhRjg==

"@rollup/rollup-linux-arm64-gnu@4.40.0":
  version "4.40.0"
  resolved "https://registry.yarnpkg.com/@rollup/rollup-linux-arm64-gnu/-/rollup-linux-arm64-gnu-4.40.0.tgz#ac527485ecbb619247fb08253ec8c551a0712e7c"
  integrity sha512-L5ZLphTjjAD9leJzSLI7rr8fNqJMlGDKlazW2tX4IUF9P7R5TMQPElpH82Q7eNIDQnQlAyiNVfRPfP2vM5Avvg==

"@rollup/rollup-linux-arm64-musl@4.40.0":
  version "4.40.0"
  resolved "https://registry.yarnpkg.com/@rollup/rollup-linux-arm64-musl/-/rollup-linux-arm64-musl-4.40.0.tgz#74d2b5cb11cf714cd7d1682e7c8b39140e908552"
  integrity sha512-ATZvCRGCDtv1Y4gpDIXsS+wfFeFuLwVxyUBSLawjgXK2tRE6fnsQEkE4csQQYWlBlsFztRzCnBvWVfcae/1qxQ==

"@rollup/rollup-linux-loongarch64-gnu@4.40.0":
  version "4.40.0"
  resolved "https://registry.yarnpkg.com/@rollup/rollup-linux-loongarch64-gnu/-/rollup-linux-loongarch64-gnu-4.40.0.tgz#a0a310e51da0b5fea0e944b0abd4be899819aef6"
  integrity sha512-wG9e2XtIhd++QugU5MD9i7OnpaVb08ji3P1y/hNbxrQ3sYEelKJOq1UJ5dXczeo6Hj2rfDEL5GdtkMSVLa/AOg==

"@rollup/rollup-linux-powerpc64le-gnu@4.40.0":
  version "4.40.0"
  resolved "https://registry.yarnpkg.com/@rollup/rollup-linux-powerpc64le-gnu/-/rollup-linux-powerpc64le-gnu-4.40.0.tgz#4077e2862b0ac9f61916d6b474d988171bd43b83"
  integrity sha512-vgXfWmj0f3jAUvC7TZSU/m/cOE558ILWDzS7jBhiCAFpY2WEBn5jqgbqvmzlMjtp8KlLcBlXVD2mkTSEQE6Ixw==

"@rollup/rollup-linux-riscv64-gnu@4.40.0":
  version "4.40.0"
  resolved "https://registry.yarnpkg.com/@rollup/rollup-linux-riscv64-gnu/-/rollup-linux-riscv64-gnu-4.40.0.tgz#5812a1a7a2f9581cbe12597307cc7ba3321cf2f3"
  integrity sha512-uJkYTugqtPZBS3Z136arevt/FsKTF/J9dEMTX/cwR7lsAW4bShzI2R0pJVw+hcBTWF4dxVckYh72Hk3/hWNKvA==

"@rollup/rollup-linux-riscv64-musl@4.40.0":
  version "4.40.0"
  resolved "https://registry.yarnpkg.com/@rollup/rollup-linux-riscv64-musl/-/rollup-linux-riscv64-musl-4.40.0.tgz#973aaaf4adef4531375c36616de4e01647f90039"
  integrity sha512-rKmSj6EXQRnhSkE22+WvrqOqRtk733x3p5sWpZilhmjnkHkpeCgWsFFo0dGnUGeA+OZjRl3+VYq+HyCOEuwcxQ==

"@rollup/rollup-linux-s390x-gnu@4.40.0":
  version "4.40.0"
  resolved "https://registry.yarnpkg.com/@rollup/rollup-linux-s390x-gnu/-/rollup-linux-s390x-gnu-4.40.0.tgz#9bad59e907ba5bfcf3e9dbd0247dfe583112f70b"
  integrity sha512-SpnYlAfKPOoVsQqmTFJ0usx0z84bzGOS9anAC0AZ3rdSo3snecihbhFTlJZ8XMwzqAcodjFU4+/SM311dqE5Sw==

"@rollup/rollup-linux-x64-gnu@4.40.0":
  version "4.40.0"
  resolved "https://registry.yarnpkg.com/@rollup/rollup-linux-x64-gnu/-/rollup-linux-x64-gnu-4.40.0.tgz#68b045a720bd9b4d905f462b997590c2190a6de0"
  integrity sha512-RcDGMtqF9EFN8i2RYN2W+64CdHruJ5rPqrlYw+cgM3uOVPSsnAQps7cpjXe9be/yDp8UC7VLoCoKC8J3Kn2FkQ==

"@rollup/rollup-linux-x64-musl@4.40.0":
  version "4.40.0"
  resolved "https://registry.yarnpkg.com/@rollup/rollup-linux-x64-musl/-/rollup-linux-x64-musl-4.40.0.tgz#8e703e2c2ad19ba7b2cb3d8c3a4ad11d4ee3a282"
  integrity sha512-HZvjpiUmSNx5zFgwtQAV1GaGazT2RWvqeDi0hV+AtC8unqqDSsaFjPxfsO6qPtKRRg25SisACWnJ37Yio8ttaw==

"@rollup/rollup-win32-arm64-msvc@4.40.0":
  version "4.40.0"
  resolved "https://registry.yarnpkg.com/@rollup/rollup-win32-arm64-msvc/-/rollup-win32-arm64-msvc-4.40.0.tgz#c5bee19fa670ff5da5f066be6a58b4568e9c650b"
  integrity sha512-UtZQQI5k/b8d7d3i9AZmA/t+Q4tk3hOC0tMOMSq2GlMYOfxbesxG4mJSeDp0EHs30N9bsfwUvs3zF4v/RzOeTQ==

"@rollup/rollup-win32-ia32-msvc@4.40.0":
  version "4.40.0"
  resolved "https://registry.yarnpkg.com/@rollup/rollup-win32-ia32-msvc/-/rollup-win32-ia32-msvc-4.40.0.tgz#846e02c17044bd922f6f483a3b4d36aac6e2b921"
  integrity sha512-+m03kvI2f5syIqHXCZLPVYplP8pQch9JHyXKZ3AGMKlg8dCyr2PKHjwRLiW53LTrN/Nc3EqHOKxUxzoSPdKddA==

"@rollup/rollup-win32-x64-msvc@4.40.0":
  version "4.40.0"
  resolved "https://registry.yarnpkg.com/@rollup/rollup-win32-x64-msvc/-/rollup-win32-x64-msvc-4.40.0.tgz#fd92d31a2931483c25677b9c6698106490cbbc76"
  integrity sha512-lpPE1cLfP5oPzVjKMx10pgBmKELQnFJXHgvtHCtuJWOv8MxqdEIMNtgHgBFf7Ea2/7EuVwa9fodWUfXAlXZLZQ==

"@simonwep/pickr@~1.8.0":
  version "1.8.2"
  resolved "https://registry.yarnpkg.com/@simonwep/pickr/-/pickr-1.8.2.tgz#96dc86675940d7cad63d69c22083dd1cbb9797cb"
  integrity sha512-/l5w8BIkrpP6n1xsetx9MWPWlU6OblN5YgZZphxan0Tq4BByTCETL6lyIeY8lagalS2Nbt4F2W034KHLIiunKA==
  dependencies:
    core-js "^3.15.1"
    nanopop "^2.1.0"

"@types/estree@1.0.7":
  version "1.0.7"
  resolved "https://registry.yarnpkg.com/@types/estree/-/estree-1.0.7.tgz#4158d3105276773d5b7695cd4834b1722e4f37a8"
  integrity sha512-w28IoSUCJpidD/TGviZwwMJckNESJZXFu7NBZ5YJ4mEUnNraUn9Pm8HSZm/jDF1pDWYKspWE7oVphigUPRakIQ==

"@vitejs/plugin-vue@^5.0.5":
  version "5.0.5"
  resolved "https://registry.yarnpkg.com/@vitejs/plugin-vue/-/plugin-vue-5.0.5.tgz#e3dc11e427d4b818b7e3202766ad156e3d5e2eaa"
  integrity sha512-LOjm7XeIimLBZyzinBQ6OSm3UBCNVCpLkxGC0oWmm2YPzVZoxMsdvNVimLTBzpAnR9hl/yn1SHGuRfe6/Td9rQ==

"@vue/compiler-core@3.4.29":
  version "3.4.29"
  resolved "https://registry.yarnpkg.com/@vue/compiler-core/-/compiler-core-3.4.29.tgz#6c0878e98716b1cb64e7d44ed07feda96ab7f639"
  integrity sha512-TFKiRkKKsRCKvg/jTSSKK7mYLJEQdUiUfykbG49rubC9SfDyvT2JrzTReopWlz2MxqeLyxh9UZhvxEIBgAhtrg==
  dependencies:
    "@babel/parser" "^7.24.7"
    "@vue/shared" "3.4.29"
    entities "^4.5.0"
    estree-walker "^2.0.2"
    source-map-js "^1.2.0"

"@vue/compiler-dom@3.4.29":
  version "3.4.29"
  resolved "https://registry.yarnpkg.com/@vue/compiler-dom/-/compiler-dom-3.4.29.tgz#c8f55528c8d8c8c36687d56a19e53b268c7d6c56"
  integrity sha512-A6+iZ2fKIEGnfPJejdB7b1FlJzgiD+Y/sxxKwJWg1EbJu6ZPgzaPQQ51ESGNv0CP6jm6Z7/pO6Ia8Ze6IKrX7w==
  dependencies:
    "@vue/compiler-core" "3.4.29"
    "@vue/shared" "3.4.29"

"@vue/compiler-sfc@3.4.29":
  version "3.4.29"
  resolved "https://registry.yarnpkg.com/@vue/compiler-sfc/-/compiler-sfc-3.4.29.tgz#da7927c5c736048995fe9c6604288633e0ac161a"
  integrity sha512-zygDcEtn8ZimDlrEQyLUovoWgKQic6aEQqRXce2WXBvSeHbEbcAsXyCk9oG33ZkyWH4sl9D3tkYc1idoOkdqZQ==
  dependencies:
    "@babel/parser" "^7.24.7"
    "@vue/compiler-core" "3.4.29"
    "@vue/compiler-dom" "3.4.29"
    "@vue/compiler-ssr" "3.4.29"
    "@vue/shared" "3.4.29"
    estree-walker "^2.0.2"
    magic-string "^0.30.10"
    postcss "^8.4.38"
    source-map-js "^1.2.0"

"@vue/compiler-ssr@3.4.29":
  version "3.4.29"
  resolved "https://registry.yarnpkg.com/@vue/compiler-ssr/-/compiler-ssr-3.4.29.tgz#210b0267667fe1e5ec69ca4e3c473f94da6ac37f"
  integrity sha512-rFbwCmxJ16tDp3N8XCx5xSQzjhidYjXllvEcqX/lopkoznlNPz3jyy0WGJCyhAaVQK677WWFt3YO/WUEkMMUFQ==
  dependencies:
    "@vue/compiler-dom" "3.4.29"
    "@vue/shared" "3.4.29"

"@vue/reactivity@3.4.29":
  version "3.4.29"
  resolved "https://registry.yarnpkg.com/@vue/reactivity/-/reactivity-3.4.29.tgz#a821b12b765ecb9a1923a401d6c0979dc668f7af"
  integrity sha512-w8+KV+mb1a8ornnGQitnMdLfE0kXmteaxLdccm2XwdFxXst4q/Z7SEboCV5SqJNpZbKFeaRBBJBhW24aJyGINg==
  dependencies:
    "@vue/shared" "3.4.29"

"@vue/runtime-core@3.4.29":
  version "3.4.29"
  resolved "https://registry.yarnpkg.com/@vue/runtime-core/-/runtime-core-3.4.29.tgz#3c7d5ef00aa8ab1e1de9de0a8656f21db3cd8367"
  integrity sha512-s8fmX3YVR/Rk5ig0ic0NuzTNjK2M7iLuVSZyMmCzN/+Mjuqqif1JasCtEtmtoJWF32pAtUjyuT2ljNKNLeOmnQ==
  dependencies:
    "@vue/reactivity" "3.4.29"
    "@vue/shared" "3.4.29"

"@vue/runtime-dom@3.4.29":
  version "3.4.29"
  resolved "https://registry.yarnpkg.com/@vue/runtime-dom/-/runtime-dom-3.4.29.tgz#02d4199e8280b3f1332ec35e03bfcc244ce2bfdb"
  integrity sha512-gI10atCrtOLf/2MPPMM+dpz3NGulo9ZZR9d1dWo4fYvm+xkfvRrw1ZmJ7mkWtiJVXSsdmPbcK1p5dZzOCKDN0g==
  dependencies:
    "@vue/reactivity" "3.4.29"
    "@vue/runtime-core" "3.4.29"
    "@vue/shared" "3.4.29"
    csstype "^3.1.3"

"@vue/server-renderer@3.4.29":
  version "3.4.29"
  resolved "https://registry.yarnpkg.com/@vue/server-renderer/-/server-renderer-3.4.29.tgz#7a6d322837d836dd3affa69553f9fba140f91723"
  integrity sha512-HMLCmPI2j/k8PVkSBysrA2RxcxC5DgBiCdj7n7H2QtR8bQQPqKAe8qoaxLcInzouBmzwJ+J0x20ygN/B5mYBng==
  dependencies:
    "@vue/compiler-ssr" "3.4.29"
    "@vue/shared" "3.4.29"

"@vue/shared@3.4.29":
  version "3.4.29"
  resolved "https://registry.yarnpkg.com/@vue/shared/-/shared-3.4.29.tgz#84908c284e88a269f8bceee59707b14eb4b2d284"
  integrity sha512-hQ2gAQcBO/CDpC82DCrinJNgOHI2v+FA7BDW4lMSPeBpQ7sRe2OLHWe5cph1s7D8DUQAwRt18dBDfJJ220APEA==

ant-design-vue@^4.2.3:
  version "4.2.3"
  resolved "https://registry.yarnpkg.com/ant-design-vue/-/ant-design-vue-4.2.3.tgz#accb26a680b6541b9a03668996cd52a4f9735075"
  integrity sha512-kqGyWvZtFlSInFP93Ow6wS8LzEsxxUgpI+ZY5jQQkuX8WAcqdwXCA7IcHMpECW6JB89DZMo2Bw85jUg2SjlgQA==
  dependencies:
    "@ant-design/colors" "^6.0.0"
    "@ant-design/icons-vue" "^7.0.0"
    "@babel/runtime" "^7.10.5"
    "@ctrl/tinycolor" "^3.5.0"
    "@emotion/hash" "^0.9.0"
    "@emotion/unitless" "^0.8.0"
    "@simonwep/pickr" "~1.8.0"
    array-tree-filter "^2.1.0"
    async-validator "^4.0.0"
    csstype "^3.1.1"
    dayjs "^1.10.5"
    dom-align "^1.12.1"
    dom-scroll-into-view "^2.0.0"
    lodash "^4.17.21"
    lodash-es "^4.17.15"
    resize-observer-polyfill "^1.5.1"
    scroll-into-view-if-needed "^2.2.25"
    shallow-equal "^1.0.0"
    stylis "^4.1.3"
    throttle-debounce "^5.0.0"
    vue-types "^3.0.0"
    warning "^4.0.0"

array-tree-filter@^2.1.0:
  version "2.1.0"
  resolved "https://registry.yarnpkg.com/array-tree-filter/-/array-tree-filter-2.1.0.tgz#873ac00fec83749f255ac8dd083814b4f6329190"
  integrity sha512-4ROwICNlNw/Hqa9v+rk5h22KjmzB1JGTMVKP2AKJBOCgb0yL0ASf0+YvCcLNNwquOHNX48jkeZIJ3a+oOQqKcw==

async-validator@^4.0.0:
  version "4.2.5"
  resolved "https://registry.yarnpkg.com/async-validator/-/async-validator-4.2.5.tgz#c96ea3332a521699d0afaaceed510a54656c6339"
  integrity sha512-7HhHjtERjqlNbZtqNqy2rckN/SpOOlmDliet+lP7k+eKZEjPk3DgyeU9lIXLdeLz0uBbbVp+9Qdow9wJWgwwfg==

compute-scroll-into-view@^1.0.20:
  version "1.0.20"
  resolved "https://registry.yarnpkg.com/compute-scroll-into-view/-/compute-scroll-into-view-1.0.20.tgz#1768b5522d1172754f5d0c9b02de3af6be506a43"
  integrity sha512-UCB0ioiyj8CRjtrvaceBLqqhZCVP+1B8+NWQhmdsm0VXOJtobBCf1dBQmebCCo34qZmUwZfIH2MZLqNHazrfjg==

core-js@^3.15.1:
  version "3.37.1"
  resolved "https://registry.yarnpkg.com/core-js/-/core-js-3.37.1.tgz#d21751ddb756518ac5a00e4d66499df981a62db9"
  integrity sha512-Xn6qmxrQZyB0FFY8E3bgRXei3lWDJHhvI+u0q9TKIYM49G8pAr0FgnnrFRAmsbptZL1yxRADVXn+x5AGsbBfyw==

csstype@^3.1.1, csstype@^3.1.3:
  version "3.1.3"
  resolved "https://registry.yarnpkg.com/csstype/-/csstype-3.1.3.tgz#d80ff294d114fb0e6ac500fbf85b60137d7eff81"
  integrity sha512-M1uQkMl8rQK/szD0LNhtqxIPLpimGm8sOBwU7lLnCpSbTyY3yeU1Vc7l4KT5zT4s/yOxHH5O7tIuuLOCnLADRw==

dayjs@^1.10.5:
  version "1.11.11"
  resolved "https://registry.yarnpkg.com/dayjs/-/dayjs-1.11.11.tgz#dfe0e9d54c5f8b68ccf8ca5f72ac603e7e5ed59e"
  integrity sha512-okzr3f11N6WuqYtZSvm+F776mB41wRZMhKP+hc34YdW+KmtYYK9iqvHSwo2k9FEH3fhGXvOPV6yz2IcSrfRUDg==

dom-align@^1.12.1:
  version "1.12.4"
  resolved "https://registry.yarnpkg.com/dom-align/-/dom-align-1.12.4.tgz#3503992eb2a7cfcb2ed3b2a6d21e0b9c00d54511"
  integrity sha512-R8LUSEay/68zE5c8/3BDxiTEvgb4xZTF0RKmAHfiEVN3klfIpXfi2/QCoiWPccVQ0J/ZGdz9OjzL4uJEP/MRAw==

dom-scroll-into-view@^2.0.0:
  version "2.0.1"
  resolved "https://registry.yarnpkg.com/dom-scroll-into-view/-/dom-scroll-into-view-2.0.1.tgz#0decc8522801fd8d3f1c6ba355a74d382c5f989b"
  integrity sha512-bvVTQe1lfaUr1oFzZX80ce9KLDlZ3iU+XGNE/bz9HnGdklTieqsbmsLHe+rT2XWqopvL0PckkYqN7ksmm5pe3w==

entities@^4.5.0:
  version "4.5.0"
  resolved "https://registry.yarnpkg.com/entities/-/entities-4.5.0.tgz#5d268ea5e7113ec74c4d033b79ea5a35a488fb48"
  integrity sha512-V0hjH4dGPh9Ao5p0MoRY6BVqtwCjhz6vI5LT8AJ55H+4g9/4vbHx1I54fS0XuclLhDHArPQCiMjDxjaL8fPxhw==

esbuild@^0.21.3:
  version "0.21.5"
  resolved "https://registry.yarnpkg.com/esbuild/-/esbuild-0.21.5.tgz#9ca301b120922959b766360d8ac830da0d02997d"
  integrity sha512-mg3OPMV4hXywwpoDxu3Qda5xCKQi+vCTZq8S9J/EpkhB2HzKXq4SNFZE3+NK93JYxc8VMSep+lOUSC/RVKaBqw==
  optionalDependencies:
    "@esbuild/aix-ppc64" "0.21.5"
    "@esbuild/android-arm" "0.21.5"
    "@esbuild/android-arm64" "0.21.5"
    "@esbuild/android-x64" "0.21.5"
    "@esbuild/darwin-arm64" "0.21.5"
    "@esbuild/darwin-x64" "0.21.5"
    "@esbuild/freebsd-arm64" "0.21.5"
    "@esbuild/freebsd-x64" "0.21.5"
    "@esbuild/linux-arm" "0.21.5"
    "@esbuild/linux-arm64" "0.21.5"
    "@esbuild/linux-ia32" "0.21.5"
    "@esbuild/linux-loong64" "0.21.5"
    "@esbuild/linux-mips64el" "0.21.5"
    "@esbuild/linux-ppc64" "0.21.5"
    "@esbuild/linux-riscv64" "0.21.5"
    "@esbuild/linux-s390x" "0.21.5"
    "@esbuild/linux-x64" "0.21.5"
    "@esbuild/netbsd-x64" "0.21.5"
    "@esbuild/openbsd-x64" "0.21.5"
    "@esbuild/sunos-x64" "0.21.5"
    "@esbuild/win32-arm64" "0.21.5"
    "@esbuild/win32-ia32" "0.21.5"
    "@esbuild/win32-x64" "0.21.5"

estree-walker@^2.0.2:
  version "2.0.2"
  resolved "https://registry.yarnpkg.com/estree-walker/-/estree-walker-2.0.2.tgz#52f010178c2a4c117a7757cfe942adb7d2da4cac"
  integrity sha512-Rfkk/Mp/DL7JVje3u18FxFujQlTNR2q6QfMSMB7AvCBx91NGj/ba3kCfza0f6dVDbw7YlRf/nDrn7pQrCCyQ/w==

fsevents@~2.3.2, fsevents@~2.3.3:
  version "2.3.3"
  resolved "https://registry.yarnpkg.com/fsevents/-/fsevents-2.3.3.tgz#cac6407785d03675a2a5e1a5305c697b347d90d6"
  integrity sha512-5xoDfX+fL7faATnagmWPpbFtwh/R77WmMMqqHGS65C3vvB0YHrgF+B1YmZ3441tMj5n63k0212XNoJwzlhffQw==

is-plain-object@3.0.1:
  version "3.0.1"
  resolved "https://registry.yarnpkg.com/is-plain-object/-/is-plain-object-3.0.1.tgz#662d92d24c0aa4302407b0d45d21f2251c85f85b"
  integrity sha512-Xnpx182SBMrr/aBik8y+GuR4U1L9FqMSojwDQwPMmxyC6bvEqly9UBCxhauBF5vNh2gwWJNX6oDV7O+OM4z34g==

"js-tokens@^3.0.0 || ^4.0.0":
  version "4.0.0"
  resolved "https://registry.yarnpkg.com/js-tokens/-/js-tokens-4.0.0.tgz#19203fb59991df98e3a287050d4647cdeaf32499"
  integrity sha512-RdJUflcE3cUzKiMqQgsCu06FPu9UdIJO0beYbPhHN4k6apgJtifcoCtT9bcxOpYBtpD2kCM6Sbzg4CausW/PKQ==

lodash-es@^4.17.15:
  version "4.17.21"
  resolved "https://registry.yarnpkg.com/lodash-es/-/lodash-es-4.17.21.tgz#43e626c46e6591b7750beb2b50117390c609e3ee"
  integrity sha512-mKnC+QJ9pWVzv+C4/U3rRsHapFfHvQFoFB92e52xeyGMcX6/OlIl78je1u8vePzYZSkkogMPJ2yjxxsb89cxyw==

lodash@^4.17.21:
  version "4.17.21"
  resolved "https://registry.yarnpkg.com/lodash/-/lodash-4.17.21.tgz#679591c564c3bffaae8454cf0b3df370c3d6911c"
  integrity sha512-v2kDEe57lecTulaDIuNTPy3Ry4gLGJ6Z1O3vE1krgXZNrsQ+LFTGHVxVjcXPs17LhbZVGedAJv8XZ1tvj5FvSg==

loose-envify@^1.0.0:
  version "1.4.0"
  resolved "https://registry.yarnpkg.com/loose-envify/-/loose-envify-1.4.0.tgz#71ee51fa7be4caec1a63839f7e682d8132d30caf"
  integrity sha512-lyuxPGr/Wfhrlem2CL/UcnUc1zcqKAImBDzukY7Y5F/yQiNdko6+fRLevlw1HgMySw7f611UIY408EtxRSoK3Q==
  dependencies:
    js-tokens "^3.0.0 || ^4.0.0"

magic-string@^0.30.10:
  version "0.30.10"
  resolved "https://registry.yarnpkg.com/magic-string/-/magic-string-0.30.10.tgz#123d9c41a0cb5640c892b041d4cfb3bd0aa4b39e"
  integrity sha512-iIRwTIf0QKV3UAnYK4PU8uiEc4SRh5jX0mwpIwETPpHdhVM4f53RSwS/vXvN1JhGX+Cs7B8qIq3d6AH49O5fAQ==
  dependencies:
    "@jridgewell/sourcemap-codec" "^1.4.15"

nanoid@^3.3.8:
  version "3.3.11"
  resolved "https://registry.yarnpkg.com/nanoid/-/nanoid-3.3.11.tgz#4f4f112cefbe303202f2199838128936266d185b"
  integrity sha512-N8SpfPUnUp1bK+PMYW8qSWdl9U+wwNWI4QKxOYDy9JAro3WMX7p2OeVRF9v+347pnakNevPmiHhNmZ2HbFA76w==

nanopop@^2.1.0:
  version "2.4.2"
  resolved "https://registry.yarnpkg.com/nanopop/-/nanopop-2.4.2.tgz#b55482135be7e64f2d0f5aa8ef51a58104ac7b13"
  integrity sha512-NzOgmMQ+elxxHeIha+OG/Pv3Oc3p4RU2aBhwWwAqDpXrdTbtRylbRLQztLy8dMMwfl6pclznBdfUhccEn9ZIzw==

picocolors@^1.1.1:
  version "1.1.1"
  resolved "https://registry.yarnpkg.com/picocolors/-/picocolors-1.1.1.tgz#3d321af3eab939b083c8f929a1d12cda81c26b6b"
  integrity sha512-xceH2snhtb5M9liqDsmEw56le376mTZkEX/jEb/RxNFyegNul7eNslCXP9FDj/Lcu0X8KEyMceP2ntpaHrDEVA==

postcss@^8.4.38, postcss@^8.4.43:
  version "8.5.3"
  resolved "https://registry.yarnpkg.com/postcss/-/postcss-8.5.3.tgz#1463b6f1c7fb16fe258736cba29a2de35237eafb"
  integrity sha512-dle9A3yYxlBSrt8Fu+IpjGT8SY8hN0mlaA6GY8t0P5PjIOZemULz/E2Bnm/2dcUOena75OTNkHI76uZBNUUq3A==
  dependencies:
    nanoid "^3.3.8"
    picocolors "^1.1.1"
    source-map-js "^1.2.1"

regenerator-runtime@^0.14.0:
  version "0.14.1"
  resolved "https://registry.yarnpkg.com/regenerator-runtime/-/regenerator-runtime-0.14.1.tgz#356ade10263f685dda125100cd862c1db895327f"
  integrity sha512-dYnhHh0nJoMfnkZs6GmmhFknAGRrLznOu5nc9ML+EJxGvrx6H7teuevqVqCuPcPK//3eDrrjQhehXVx9cnkGdw==

resize-observer-polyfill@^1.5.1:
  version "1.5.1"
  resolved "https://registry.yarnpkg.com/resize-observer-polyfill/-/resize-observer-polyfill-1.5.1.tgz#0e9020dd3d21024458d4ebd27e23e40269810464"
  integrity sha512-LwZrotdHOo12nQuZlHEmtuXdqGoOD0OhaxopaNFxWzInpEgaLWoVuAMbTzixuosCx2nEG58ngzW3vxdWoxIgdg==

rollup@^4.20.0:
  version "4.40.0"
  resolved "https://registry.yarnpkg.com/rollup/-/rollup-4.40.0.tgz#13742a615f423ccba457554f006873d5a4de1920"
  integrity sha512-Noe455xmA96nnqH5piFtLobsGbCij7Tu+tb3c1vYjNbTkfzGqXqQXG3wJaYXkRZuQ0vEYN4bhwg7QnIrqB5B+w==
  dependencies:
    "@types/estree" "1.0.7"
  optionalDependencies:
    "@rollup/rollup-android-arm-eabi" "4.40.0"
    "@rollup/rollup-android-arm64" "4.40.0"
    "@rollup/rollup-darwin-arm64" "4.40.0"
    "@rollup/rollup-darwin-x64" "4.40.0"
    "@rollup/rollup-freebsd-arm64" "4.40.0"
    "@rollup/rollup-freebsd-x64" "4.40.0"
    "@rollup/rollup-linux-arm-gnueabihf" "4.40.0"
    "@rollup/rollup-linux-arm-musleabihf" "4.40.0"
    "@rollup/rollup-linux-arm64-gnu" "4.40.0"
    "@rollup/rollup-linux-arm64-musl" "4.40.0"
    "@rollup/rollup-linux-loongarch64-gnu" "4.40.0"
    "@rollup/rollup-linux-powerpc64le-gnu" "4.40.0"
    "@rollup/rollup-linux-riscv64-gnu" "4.40.0"
    "@rollup/rollup-linux-riscv64-musl" "4.40.0"
    "@rollup/rollup-linux-s390x-gnu" "4.40.0"
    "@rollup/rollup-linux-x64-gnu" "4.40.0"
    "@rollup/rollup-linux-x64-musl" "4.40.0"
    "@rollup/rollup-win32-arm64-msvc" "4.40.0"
    "@rollup/rollup-win32-ia32-msvc" "4.40.0"
    "@rollup/rollup-win32-x64-msvc" "4.40.0"
    fsevents "~2.3.2"

scroll-into-view-if-needed@^2.2.25:
  version "2.2.31"
  resolved "https://registry.yarnpkg.com/scroll-into-view-if-needed/-/scroll-into-view-if-needed-2.2.31.tgz#d3c482959dc483e37962d1521254e3295d0d1587"
  integrity sha512-dGCXy99wZQivjmjIqihaBQNjryrz5rueJY7eHfTdyWEiR4ttYpsajb14rn9s5d4DY4EcY6+4+U/maARBXJedkA==
  dependencies:
    compute-scroll-into-view "^1.0.20"

shallow-equal@^1.0.0:
  version "1.2.1"
  resolved "https://registry.yarnpkg.com/shallow-equal/-/shallow-equal-1.2.1.tgz#4c16abfa56043aa20d050324efa68940b0da79da"
  integrity sha512-S4vJDjHHMBaiZuT9NPb616CSmLf618jawtv3sufLl6ivK8WocjAo58cXwbRV1cgqxH0Qbv+iUt6m05eqEa2IRA==

source-map-js@^1.2.0:
  version "1.2.0"
  resolved "https://registry.yarnpkg.com/source-map-js/-/source-map-js-1.2.0.tgz#16b809c162517b5b8c3e7dcd315a2a5c2612b2af"
  integrity sha512-itJW8lvSA0TXEphiRoawsCksnlf8SyvmFzIhltqAHluXd88pkCd+cXJVHTDwdCr0IzwptSm035IHQktUu1QUMg==

source-map-js@^1.2.1:
  version "1.2.1"
  resolved "https://registry.yarnpkg.com/source-map-js/-/source-map-js-1.2.1.tgz#1ce5650fddd87abc099eda37dcff024c2667ae46"
  integrity sha512-UXWMKhLOwVKb728IUtQPXxfYU+usdybtUrK/8uGE8CQMvrhOpwvzDBwj0QhSL7MQc7vIsISBG8VQ8+IDQxpfQA==

stylis@^4.1.3:
  version "4.3.2"
  resolved "https://registry.yarnpkg.com/stylis/-/stylis-4.3.2.tgz#8f76b70777dd53eb669c6f58c997bf0a9972e444"
  integrity sha512-bhtUjWd/z6ltJiQwg0dUfxEJ+W+jdqQd8TbWLWyeIJHlnsqmGLRFFd8e5mA0AZi/zx90smXRlN66YMTcaSFifg==

throttle-debounce@^5.0.0:
  version "5.0.0"
  resolved "https://registry.yarnpkg.com/throttle-debounce/-/throttle-debounce-5.0.0.tgz#a17a4039e82a2ed38a5e7268e4132d6960d41933"
  integrity sha512-2iQTSgkkc1Zyk0MeVrt/3BvuOXYPl/R8Z0U2xxo9rjwNciaHDG3R+Lm6dh4EeUci49DanvBnuqI6jshoQQRGEg==

typescript@^5.8.3:
  version "5.8.3"
  resolved "https://registry.yarnpkg.com/typescript/-/typescript-5.8.3.tgz#92f8a3e5e3cf497356f4178c34cd65a7f5e8440e"
  integrity sha512-p1diW6TqL9L07nNxvRMM7hMMw4c5XOo/1ibL4aAIGmSAt9slTE1Xgw5KWuof2uTOvCg9BY7ZRi+GaF+7sfgPeQ==

vite@^5.4.18:
  version "5.4.18"
  resolved "https://registry.yarnpkg.com/vite/-/vite-5.4.18.tgz#b5af357f9d5ebb2e0c085779b7a37a77f09168a4"
  integrity sha512-1oDcnEp3lVyHCuQ2YFelM4Alm2o91xNoMncRm1U7S+JdYfYOvbiGZ3/CxGttrOu2M/KcGz7cRC2DoNUA6urmMA==
  dependencies:
    esbuild "^0.21.3"
    postcss "^8.4.43"
    rollup "^4.20.0"
  optionalDependencies:
    fsevents "~2.3.3"

vue-types@^3.0.0:
  version "3.0.2"
  resolved "https://registry.yarnpkg.com/vue-types/-/vue-types-3.0.2.tgz#ec16e05d412c038262fc1efa4ceb9647e7fb601d"
  integrity sha512-IwUC0Aq2zwaXqy74h4WCvFCUtoV0iSWr0snWnE9TnU18S66GAQyqQbRf2qfJtUuiFsBf6qp0MEwdonlwznlcrw==
  dependencies:
    is-plain-object "3.0.1"

vue@^3.3.4:
  version "3.4.29"
  resolved "https://registry.yarnpkg.com/vue/-/vue-3.4.29.tgz#fad5a0fe6dfa5c4a2cfbbc48c489e7989616a15b"
  integrity sha512-8QUYfRcYzNlYuzKPfge1UWC6nF9ym0lx7mpGVPJYNhddxEf3DD0+kU07NTL0sXuiT2HuJuKr/iEO8WvXvT0RSQ==
  dependencies:
    "@vue/compiler-dom" "3.4.29"
    "@vue/compiler-sfc" "3.4.29"
    "@vue/runtime-dom" "3.4.29"
    "@vue/server-renderer" "3.4.29"
    "@vue/shared" "3.4.29"

warning@^4.0.0:
  version "4.0.3"
  resolved "https://registry.yarnpkg.com/warning/-/warning-4.0.3.tgz#16e9e077eb8a86d6af7d64aa1e05fd85b4678ca3"
  integrity sha512-rpJyN222KWIvHJ/F53XSZv0Zl/accqHR8et1kpaMTD/fLCRxtV8iX8czMzY7sVZupTI3zcUTg8eycS2kNF9l6w==
  dependencies:
    loose-envify "^1.0.0"
